
Microsoft Visual Studio Solution File, Format Version 12.00
# Visual Studio Version 17
VisualStudioVersion = 17.0.32014.148
MinimumVisualStudioVersion = 10.0.40219.1
Project("{8BC9CEB8-8B4A-11D0-8D11-00A0C91BC942}") = "Sandbox", "Sandbox\Sandbox.vcxproj", "{F4C124E3-60A1-A37E-69B9-2E55D5170AE0}"
EndProject
Project("{8BC9CEB8-8B4A-11D0-8D11-00A0C91BC942}") = "InfluxCore", "InfluxCore\InfluxCore.vcxproj", "{AAE8EF84-74C2-44F9-804E-6C08ABE0F35B}"
EndProject
Project("{8BC9CEB8-8B4A-11D0-8D11-00A0C91BC942}") = "InfluxGraphics", "InfluxGraphics\InfluxGraphics.vcxproj", "{E1AAFA87-0B93-488E-B355-A649FF10D1DC}"
EndProject
Project("{8BC9CEB8-8B4A-11D0-8D11-00A0C91BC942}") = "InfluxEngine", "InfluxEngine\Influx.vcxproj", "{BBEB27BA-A78D-5290-9048-66E47C89D9E0}"
EndProject
Project("{8BC9CEB8-8B4A-11D0-8D11-00A0C91BC942}") = "InfluxCoreTests", "InfluxCoreTests\InfluxCoreTests.vcxproj", "{A0F0664D-3922-47EB-BEC4-673BF0DF6383}"
EndProject
Project("{8BC9CEB8-8B4A-11D0-8D11-00A0C91BC942}") = "InfluxRaytracing", "InfluxRaytracing\InfluxRaytracing.vcxproj", "{52849F4E-D812-4DC8-A999-C5EBE36BE86A}"
EndProject
Project("{8BC9CEB8-8B4A-11D0-8D11-00A0C91BC942}") = "InfluxEditor", "InfluxEditor\InfluxEditor.vcxproj", "{978A9DFC-3827-4A1A-8D3E-58BF32C101AC}"
EndProject
Project("{8BC9CEB8-8B4A-11D0-8D11-00A0C91BC942}") = "InfluxApplication", "InfluxApplication\InfluxApplication.vcxproj", "{22E6B704-82D5-42F4-A8AB-F1F1843B8CDF}"
EndProject
Global
	GlobalSection(SolutionConfigurationPlatforms) = preSolution
		Debug|Any CPU = Debug|Any CPU
		Debug|x64 = Debug|x64
		Debug|x86 = Debug|x86
		Profile|Any CPU = Profile|Any CPU
		Profile|x64 = Profile|x64
		Profile|x86 = Profile|x86
		Release|Any CPU = Release|Any CPU
		Release|x64 = Release|x64
		Release|x86 = Release|x86
	EndGlobalSection
	GlobalSection(ProjectConfigurationPlatforms) = postSolution
		{F4C124E3-60A1-A37E-69B9-2E55D5170AE0}.Debug|Any CPU.ActiveCfg = Debug|x64
		{F4C124E3-60A1-A37E-69B9-2E55D5170AE0}.Debug|Any CPU.Build.0 = Debug|x64
		{F4C124E3-60A1-A37E-69B9-2E55D5170AE0}.Debug|x64.ActiveCfg = Debug|x64
		{F4C124E3-60A1-A37E-69B9-2E55D5170AE0}.Debug|x64.Build.0 = Debug|x64
		{F4C124E3-60A1-A37E-69B9-2E55D5170AE0}.Debug|x86.ActiveCfg = Debug|x64
		{F4C124E3-60A1-A37E-69B9-2E55D5170AE0}.Debug|x86.Build.0 = Debug|x64
		{F4C124E3-60A1-A37E-69B9-2E55D5170AE0}.Profile|Any CPU.ActiveCfg = Profile|x64
		{F4C124E3-60A1-A37E-69B9-2E55D5170AE0}.Profile|Any CPU.Build.0 = Profile|x64
		{F4C124E3-60A1-A37E-69B9-2E55D5170AE0}.Profile|x64.ActiveCfg = Profile|x64
		{F4C124E3-60A1-A37E-69B9-2E55D5170AE0}.Profile|x64.Build.0 = Profile|x64
		{F4C124E3-60A1-A37E-69B9-2E55D5170AE0}.Profile|x86.ActiveCfg = Profile|x64
		{F4C124E3-60A1-A37E-69B9-2E55D5170AE0}.Profile|x86.Build.0 = Profile|x64
		{F4C124E3-60A1-A37E-69B9-2E55D5170AE0}.Release|Any CPU.ActiveCfg = Release|x64
		{F4C124E3-60A1-A37E-69B9-2E55D5170AE0}.Release|Any CPU.Build.0 = Release|x64
		{F4C124E3-60A1-A37E-69B9-2E55D5170AE0}.Release|x64.ActiveCfg = Release|x64
		{F4C124E3-60A1-A37E-69B9-2E55D5170AE0}.Release|x64.Build.0 = Release|x64
		{F4C124E3-60A1-A37E-69B9-2E55D5170AE0}.Release|x86.ActiveCfg = Release|x64
		{F4C124E3-60A1-A37E-69B9-2E55D5170AE0}.Release|x86.Build.0 = Release|x64
		{AAE8EF84-74C2-44F9-804E-6C08ABE0F35B}.Debug|Any CPU.ActiveCfg = Debug|x64
		{AAE8EF84-74C2-44F9-804E-6C08ABE0F35B}.Debug|Any CPU.Build.0 = Debug|x64
		{AAE8EF84-74C2-44F9-804E-6C08ABE0F35B}.Debug|x64.ActiveCfg = Debug|x64
		{AAE8EF84-74C2-44F9-804E-6C08ABE0F35B}.Debug|x64.Build.0 = Debug|x64
		{AAE8EF84-74C2-44F9-804E-6C08ABE0F35B}.Debug|x86.ActiveCfg = Debug|x64
		{AAE8EF84-74C2-44F9-804E-6C08ABE0F35B}.Debug|x86.Build.0 = Debug|x64
		{AAE8EF84-74C2-44F9-804E-6C08ABE0F35B}.Profile|Any CPU.ActiveCfg = Profile|x64
		{AAE8EF84-74C2-44F9-804E-6C08ABE0F35B}.Profile|Any CPU.Build.0 = Profile|x64
		{AAE8EF84-74C2-44F9-804E-6C08ABE0F35B}.Profile|x64.ActiveCfg = Profile|x64
		{AAE8EF84-74C2-44F9-804E-6C08ABE0F35B}.Profile|x64.Build.0 = Profile|x64
		{AAE8EF84-74C2-44F9-804E-6C08ABE0F35B}.Profile|x86.ActiveCfg = Profile|x64
		{AAE8EF84-74C2-44F9-804E-6C08ABE0F35B}.Profile|x86.Build.0 = Profile|x64
		{AAE8EF84-74C2-44F9-804E-6C08ABE0F35B}.Release|Any CPU.ActiveCfg = Release|x64
		{AAE8EF84-74C2-44F9-804E-6C08ABE0F35B}.Release|Any CPU.Build.0 = Release|x64
		{AAE8EF84-74C2-44F9-804E-6C08ABE0F35B}.Release|x64.ActiveCfg = Release|x64
		{AAE8EF84-74C2-44F9-804E-6C08ABE0F35B}.Release|x64.Build.0 = Release|x64
		{AAE8EF84-74C2-44F9-804E-6C08ABE0F35B}.Release|x86.ActiveCfg = Release|x64
		{AAE8EF84-74C2-44F9-804E-6C08ABE0F35B}.Release|x86.Build.0 = Release|x64
		{E1AAFA87-0B93-488E-B355-A649FF10D1DC}.Debug|Any CPU.ActiveCfg = Debug|x64
		{E1AAFA87-0B93-488E-B355-A649FF10D1DC}.Debug|Any CPU.Build.0 = Debug|x64
		{E1AAFA87-0B93-488E-B355-A649FF10D1DC}.Debug|x64.ActiveCfg = Debug|x64
		{E1AAFA87-0B93-488E-B355-A649FF10D1DC}.Debug|x64.Build.0 = Debug|x64
		{E1AAFA87-0B93-488E-B355-A649FF10D1DC}.Debug|x86.ActiveCfg = Debug|x64
		{E1AAFA87-0B93-488E-B355-A649FF10D1DC}.Debug|x86.Build.0 = Debug|x64
		{E1AAFA87-0B93-488E-B355-A649FF10D1DC}.Profile|Any CPU.ActiveCfg = Profile|x64
		{E1AAFA87-0B93-488E-B355-A649FF10D1DC}.Profile|Any CPU.Build.0 = Profile|x64
		{E1AAFA87-0B93-488E-B355-A649FF10D1DC}.Profile|x64.ActiveCfg = Profile|x64
		{E1AAFA87-0B93-488E-B355-A649FF10D1DC}.Profile|x64.Build.0 = Profile|x64
		{E1AAFA87-0B93-488E-B355-A649FF10D1DC}.Profile|x86.ActiveCfg = Profile|x64
		{E1AAFA87-0B93-488E-B355-A649FF10D1DC}.Profile|x86.Build.0 = Profile|x64
		{E1AAFA87-0B93-488E-B355-A649FF10D1DC}.Release|Any CPU.ActiveCfg = Release|x64
		{E1AAFA87-0B93-488E-B355-A649FF10D1DC}.Release|Any CPU.Build.0 = Release|x64
		{E1AAFA87-0B93-488E-B355-A649FF10D1DC}.Release|x64.ActiveCfg = Release|x64
		{E1AAFA87-0B93-488E-B355-A649FF10D1DC}.Release|x64.Build.0 = Release|x64
		{E1AAFA87-0B93-488E-B355-A649FF10D1DC}.Release|x86.ActiveCfg = Release|x64
		{E1AAFA87-0B93-488E-B355-A649FF10D1DC}.Release|x86.Build.0 = Release|x64
		{BBEB27BA-A78D-5290-9048-66E47C89D9E0}.Debug|Any CPU.ActiveCfg = Debug|x64
		{BBEB27BA-A78D-5290-9048-66E47C89D9E0}.Debug|Any CPU.Build.0 = Debug|x64
		{BBEB27BA-A78D-5290-9048-66E47C89D9E0}.Debug|x64.ActiveCfg = Debug|x64
		{BBEB27BA-A78D-5290-9048-66E47C89D9E0}.Debug|x64.Build.0 = Debug|x64
		{BBEB27BA-A78D-5290-9048-66E47C89D9E0}.Debug|x86.ActiveCfg = Debug|x64
		{BBEB27BA-A78D-5290-9048-66E47C89D9E0}.Debug|x86.Build.0 = Debug|x64
		{BBEB27BA-A78D-5290-9048-66E47C89D9E0}.Profile|Any CPU.ActiveCfg = Profile|x64
		{BBEB27BA-A78D-5290-9048-66E47C89D9E0}.Profile|Any CPU.Build.0 = Profile|x64
		{BBEB27BA-A78D-5290-9048-66E47C89D9E0}.Profile|x64.ActiveCfg = Profile|x64
		{BBEB27BA-A78D-5290-9048-66E47C89D9E0}.Profile|x64.Build.0 = Profile|x64
		{BBEB27BA-A78D-5290-9048-66E47C89D9E0}.Profile|x86.ActiveCfg = Profile|x64
		{BBEB27BA-A78D-5290-9048-66E47C89D9E0}.Profile|x86.Build.0 = Profile|x64
		{BBEB27BA-A78D-5290-9048-66E47C89D9E0}.Release|Any CPU.ActiveCfg = Release|x64
		{BBEB27BA-A78D-5290-9048-66E47C89D9E0}.Release|Any CPU.Build.0 = Release|x64
		{BBEB27BA-A78D-5290-9048-66E47C89D9E0}.Release|x64.ActiveCfg = Release|x64
		{BBEB27BA-A78D-5290-9048-66E47C89D9E0}.Release|x64.Build.0 = Release|x64
		{BBEB27BA-A78D-5290-9048-66E47C89D9E0}.Release|x86.ActiveCfg = Release|x64
		{BBEB27BA-A78D-5290-9048-66E47C89D9E0}.Release|x86.Build.0 = Release|x64
		{A0F0664D-3922-47EB-BEC4-673BF0DF6383}.Debug|Any CPU.ActiveCfg = Debug|x64
		{A0F0664D-3922-47EB-BEC4-673BF0DF6383}.Debug|Any CPU.Build.0 = Debug|x64
		{A0F0664D-3922-47EB-BEC4-673BF0DF6383}.Debug|x64.ActiveCfg = Debug|x64
		{A0F0664D-3922-47EB-BEC4-673BF0DF6383}.Debug|x64.Build.0 = Debug|x64
		{A0F0664D-3922-47EB-BEC4-673BF0DF6383}.Debug|x86.ActiveCfg = Debug|x64
		{A0F0664D-3922-47EB-BEC4-673BF0DF6383}.Debug|x86.Build.0 = Debug|x64
		{A0F0664D-3922-47EB-BEC4-673BF0DF6383}.Profile|Any CPU.ActiveCfg = Profile|x64
		{A0F0664D-3922-47EB-BEC4-673BF0DF6383}.Profile|Any CPU.Build.0 = Profile|x64
		{A0F0664D-3922-47EB-BEC4-673BF0DF6383}.Profile|x64.ActiveCfg = Profile|x64
		{A0F0664D-3922-47EB-BEC4-673BF0DF6383}.Profile|x64.Build.0 = Profile|x64
		{A0F0664D-3922-47EB-BEC4-673BF0DF6383}.Profile|x86.ActiveCfg = Profile|x64
		{A0F0664D-3922-47EB-BEC4-673BF0DF6383}.Profile|x86.Build.0 = Profile|x64
		{A0F0664D-3922-47EB-BEC4-673BF0DF6383}.Release|Any CPU.ActiveCfg = Release|x64
		{A0F0664D-3922-47EB-BEC4-673BF0DF6383}.Release|Any CPU.Build.0 = Release|x64
		{A0F0664D-3922-47EB-BEC4-673BF0DF6383}.Release|x64.ActiveCfg = Release|x64
		{A0F0664D-3922-47EB-BEC4-673BF0DF6383}.Release|x64.Build.0 = Release|x64
		{A0F0664D-3922-47EB-BEC4-673BF0DF6383}.Release|x86.ActiveCfg = Release|x64
		{A0F0664D-3922-47EB-BEC4-673BF0DF6383}.Release|x86.Build.0 = Release|x64
		{52849F4E-D812-4DC8-A999-C5EBE36BE86A}.Debug|Any CPU.ActiveCfg = Debug|x64
		{52849F4E-D812-4DC8-A999-C5EBE36BE86A}.Debug|Any CPU.Build.0 = Debug|x64
		{52849F4E-D812-4DC8-A999-C5EBE36BE86A}.Debug|x64.ActiveCfg = Debug|x64
		{52849F4E-D812-4DC8-A999-C5EBE36BE86A}.Debug|x64.Build.0 = Debug|x64
		{52849F4E-D812-4DC8-A999-C5EBE36BE86A}.Debug|x86.ActiveCfg = Debug|x64
		{52849F4E-D812-4DC8-A999-C5EBE36BE86A}.Debug|x86.Build.0 = Debug|x64
		{52849F4E-D812-4DC8-A999-C5EBE36BE86A}.Profile|Any CPU.ActiveCfg = Profile|x64
		{52849F4E-D812-4DC8-A999-C5EBE36BE86A}.Profile|Any CPU.Build.0 = Profile|x64
		{52849F4E-D812-4DC8-A999-C5EBE36BE86A}.Profile|x64.ActiveCfg = Profile|x64
		{52849F4E-D812-4DC8-A999-C5EBE36BE86A}.Profile|x64.Build.0 = Profile|x64
		{52849F4E-D812-4DC8-A999-C5EBE36BE86A}.Profile|x86.ActiveCfg = Profile|x64
		{52849F4E-D812-4DC8-A999-C5EBE36BE86A}.Profile|x86.Build.0 = Profile|x64
		{52849F4E-D812-4DC8-A999-C5EBE36BE86A}.Release|Any CPU.ActiveCfg = Release|x64
		{52849F4E-D812-4DC8-A999-C5EBE36BE86A}.Release|Any CPU.Build.0 = Release|x64
		{52849F4E-D812-4DC8-A999-C5EBE36BE86A}.Release|x64.ActiveCfg = Release|x64
		{52849F4E-D812-4DC8-A999-C5EBE36BE86A}.Release|x64.Build.0 = Release|x64
		{52849F4E-D812-4DC8-A999-C5EBE36BE86A}.Release|x86.ActiveCfg = Release|x64
		{52849F4E-D812-4DC8-A999-C5EBE36BE86A}.Release|x86.Build.0 = Release|x64
		{978A9DFC-3827-4A1A-8D3E-58BF32C101AC}.Debug|Any CPU.ActiveCfg = Debug|x64
		{978A9DFC-3827-4A1A-8D3E-58BF32C101AC}.Debug|Any CPU.Build.0 = Debug|x64
		{978A9DFC-3827-4A1A-8D3E-58BF32C101AC}.Debug|x64.ActiveCfg = Debug|x64
		{978A9DFC-3827-4A1A-8D3E-58BF32C101AC}.Debug|x64.Build.0 = Debug|x64
		{978A9DFC-3827-4A1A-8D3E-58BF32C101AC}.Debug|x86.ActiveCfg = Debug|Win32
		{978A9DFC-3827-4A1A-8D3E-58BF32C101AC}.Debug|x86.Build.0 = Debug|Win32
		{978A9DFC-3827-4A1A-8D3E-58BF32C101AC}.Profile|Any CPU.ActiveCfg = Debug|x64
		{978A9DFC-3827-4A1A-8D3E-58BF32C101AC}.Profile|Any CPU.Build.0 = Debug|x64
		{978A9DFC-3827-4A1A-8D3E-58BF32C101AC}.Profile|x64.ActiveCfg = Debug|x64
		{978A9DFC-3827-4A1A-8D3E-58BF32C101AC}.Profile|x64.Build.0 = Debug|x64
		{978A9DFC-3827-4A1A-8D3E-58BF32C101AC}.Profile|x86.ActiveCfg = Debug|Win32
		{978A9DFC-3827-4A1A-8D3E-58BF32C101AC}.Profile|x86.Build.0 = Debug|Win32
		{978A9DFC-3827-4A1A-8D3E-58BF32C101AC}.Release|Any CPU.ActiveCfg = Release|x64
		{978A9DFC-3827-4A1A-8D3E-58BF32C101AC}.Release|Any CPU.Build.0 = Release|x64
		{978A9DFC-3827-4A1A-8D3E-58BF32C101AC}.Release|x64.ActiveCfg = Release|x64
		{978A9DFC-3827-4A1A-8D3E-58BF32C101AC}.Release|x64.Build.0 = Release|x64
		{978A9DFC-3827-4A1A-8D3E-58BF32C101AC}.Release|x86.ActiveCfg = Release|Win32
		{978A9DFC-3827-4A1A-8D3E-58BF32C101AC}.Release|x86.Build.0 = Release|Win32
		{22E6B704-82D5-42F4-A8AB-F1F1843B8CDF}.Debug|Any CPU.ActiveCfg = Debug|x64
		{22E6B704-82D5-42F4-A8AB-F1F1843B8CDF}.Debug|Any CPU.Build.0 = Debug|x64
		{22E6B704-82D5-42F4-A8AB-F1F1843B8CDF}.Debug|x64.ActiveCfg = Debug|x64
		{22E6B704-82D5-42F4-A8AB-F1F1843B8CDF}.Debug|x64.Build.0 = Debug|x64
		{22E6B704-82D5-42F4-A8AB-F1F1843B8CDF}.Debug|x86.ActiveCfg = Debug|Win32
		{22E6B704-82D5-42F4-A8AB-F1F1843B8CDF}.Debug|x86.Build.0 = Debug|Win32
		{22E6B704-82D5-42F4-A8AB-F1F1843B8CDF}.Profile|Any CPU.ActiveCfg = Debug|x64
		{22E6B704-82D5-42F4-A8AB-F1F1843B8CDF}.Profile|Any CPU.Build.0 = Debug|x64
		{22E6B704-82D5-42F4-A8AB-F1F1843B8CDF}.Profile|x64.ActiveCfg = Debug|x64
		{22E6B704-82D5-42F4-A8AB-F1F1843B8CDF}.Profile|x64.Build.0 = Debug|x64
		{22E6B704-82D5-42F4-A8AB-F1F1843B8CDF}.Profile|x86.ActiveCfg = Debug|Win32
		{22E6B704-82D5-42F4-A8AB-F1F1843B8CDF}.Profile|x86.Build.0 = Debug|Win32
		{22E6B704-82D5-42F4-A8AB-F1F1843B8CDF}.Release|Any CPU.ActiveCfg = Release|x64
		{22E6B704-82D5-42F4-A8AB-F1F1843B8CDF}.Release|Any CPU.Build.0 = Release|x64
		{22E6B704-82D5-42F4-A8AB-F1F1843B8CDF}.Release|x64.ActiveCfg = Release|x64
		{22E6B704-82D5-42F4-A8AB-F1F1843B8CDF}.Release|x64.Build.0 = Release|x64
		{22E6B704-82D5-42F4-A8AB-F1F1843B8CDF}.Release|x86.ActiveCfg = Release|Win32
		{22E6B704-82D5-42F4-A8AB-F1F1843B8CDF}.Release|x86.Build.0 = Release|Win32
	EndGlobalSection
	GlobalSection(SolutionProperties) = preSolution
		HideSolutionNode = FALSE
	EndGlobalSection
	GlobalSection(ExtensibilityGlobals) = postSolution
		SolutionGuid = {59E0F641-2396-48AD-8B46-4B294047C9C4}
	EndGlobalSection
EndGlobal
