<?xml version="1.0" encoding="utf-8"?>
<Project ToolsVersion="4.0" xmlns="http://schemas.microsoft.com/developer/msbuild/2003">
  <ItemGroup>
    <ClInclude Include="Include\InfluxApplication\Application.h" />
    <ClInclude Include="Source\app_pch.h" />
    <ClInclude Include="Include\influx_application.h" />
    <ClInclude Include="Source\application\application.h" />
    <ClInclude Include="Source\foreign\assimp\assimp_helpers.h" />
    <ClInclude Include="Source\application\threads\threads.h" />
    <ClInclude Include="Source\application\threads\gamethread.h" />
    <ClInclude Include="Source\application\threads\renderthread.h" />
    <ClInclude Include="Source\application\scene\scene.h" />
    <ClInclude Include="Source\application\threads\rendersync.h" />
  </ItemGroup>
  <ItemGroup>
    <ClCompile Include="Source\app_pch.cpp" />
    <ClCompile Include="Source\application\application.cpp" />
    <ClCompile Include="Source\foreign\ImGui\imgui.cpp" />
    <ClCompile Include="Source\foreign\ImGui\imgui_demo.cpp" />
    <ClCompile Include="Source\foreign\ImGui\imgui_draw.cpp" />
    <ClCompile Include="Source\foreign\ImGui\imgui_impl_dx12.cpp" />
    <ClCompile Include="Source\foreign\ImGui\imgui_impl_win32.cpp" />
    <ClCompile Include="Source\foreign\ImGui\imgui_tables.cpp" />
    <ClCompile Include="Source\foreign\ImGui\imgui_widgets.cpp" />
    <ClCompile Include="Source\application\threads\gamethread.cpp" />
    <ClCompile Include="Source\application\threads\renderthread.cpp" />
    <ClCompile Include="Source\application\scene\scene.cpp" />
    <ClCompile Include="Source\application\threads\rendersync.cpp" />
  </ItemGroup>
</Project>