<?xml version="1.0" encoding="utf-8"?>
<Project ToolsVersion="4.0" xmlns="http://schemas.microsoft.com/developer/msbuild/2003">
  <ItemGroup>
    <ClCompile Include="Source\main.cpp" />
    <ClCompile Include="Source\Dx12\Dx12Renderer.cpp" />
    <ClCompile Include="Source\Vulkan\VulkanRenderer.cpp" />
  </ItemGroup>
  <ItemGroup>
    <ClInclude Include="Source\Renderer\IFluxRenderer.h" />
    <ClInclude Include="Source\Dx12\Dx12Renderer.h" />
    <ClInclude Include="Source\RHI\RHIRenderer.h" />
    <ClInclude Include="Source\Vulkan\VulkanRenderer.h" />
  </ItemGroup>
</Project>