<?xml version="1.0" encoding="utf-8"?>
<Project ToolsVersion="4.0" xmlns="http://schemas.microsoft.com/developer/msbuild/2003">
  <ItemGroup>
    <ClInclude Include="Include\Core\debug.h" />
    <ClInclude Include="Include\core\container\Containers.h" />
    <ClInclude Include="Include\core\container\List.h" />
    <ClInclude Include="Include\core\container\Map.h" />
    <ClInclude Include="Include\core\container\Queue.h" />
    <ClInclude Include="Include\core\container\Vector.h" />
    <ClInclude Include="Include\core\function.h" />
    <ClInclude Include="Include\core\Math\math.h" />
    <ClInclude Include="Include\core\Math\random.h" />
    <ClInclude Include="Include\core\Allocators\allocator.h" />
    <ClInclude Include="Include\core\Platform\windows_platform.h" />
    <ClInclude Include="Include\core\Platform\platform.h" />
    <ClInclude Include="Include\core\singleton\locator.h" />
    <ClInclude Include="Include\core\singleton\singleton.h" />
    <ClInclude Include="Source\Thread\Windows\WindowsThread.h" />
    <ClInclude Include="Source\Thread\BaseThread.h" />
    <ClInclude Include="Include\core\time.h" />
    <ClInclude Include="Include\core\string.h" />
    <ClInclude Include="Include\core\cast.h" />
    <ClInclude Include="Include\influx_core.h" />
    <ClInclude Include="Include\core\pointer.h" />
    <ClInclude Include="Include\core\Math\vector.h" />
    <ClInclude Include="Include\core\Geometry\rect.h" />
    <ClInclude Include="Include\core\Geometry\sphere.h" />
    <ClInclude Include="Include\core\Geometry\plane.h" />
    <ClInclude Include="Include\core\Scene\camera.h" />
    <ClInclude Include="Include\core\Geometry\ray.h" />
    <ClInclude Include="Include\core\Threading\ThreadPool.h" />
    <ClInclude Include="Include\core\Math\matrix.h" />
    <ClInclude Include="Include\core\kdtree.h" />
    <ClInclude Include="Include\core\Math\bounds.h" />
    <ClInclude Include="Include\core\container\ringbuffer.h" />
    <ClInclude Include="Include\core\container\Array.h" />
    <ClInclude Include="Include\core\basetypes.h" />
    <ClInclude Include="Include\core\cleanup.h" />
    <ClInclude Include="Include\core\Sync\semaphore.h" />
    <ClInclude Include="Include\core\Geometry\triangle.h" />
    <ClInclude Include="Include\core\Scene\mesh.h" />
    <ClInclude Include="Include\core\cache.h" />
    <ClInclude Include="Include\core\Scene\light.h" />
    <ClInclude Include="Include\core\Math\transform.h" />
    <ClInclude Include="Include\core\Math\quaternion.h" />
    <ClInclude Include="Include\core\Graph\hierarchy.h" />
    <ClInclude Include="Include\core\macros.h" />
    <ClInclude Include="Include\core\registry.h" />
    <ClInclude Include="Include\core\container\pool.h" />
    <ClInclude Include="Include\core\Math\colour.h" />
    <ClInclude Include="Include\core\Geometry\geometry.h" />
    <ClInclude Include="Include\core\Geometry\quad.h" />
    <ClInclude Include="Include\core\wait.h" />
  </ItemGroup>
  <ItemGroup>
    <None Include="Include\core\Math\vector.inl" />
    <None Include="Include\core\Math\matrix.inl" />
  </ItemGroup>
  <ItemGroup>
    <ClCompile Include="Source\core\Foo.cpp" />
  </ItemGroup>
</Project>