<?xml version="1.0" encoding="utf-8"?>
<Project ToolsVersion="4.0" xmlns="http://schemas.microsoft.com/developer/msbuild/2003">
  <ItemGroup>
    <ClInclude Include="Include\Core\Assert.h" />
    <ClInclude Include="Include\Core\Container\Containers.h" />
    <ClInclude Include="Include\Core\Container\List.h" />
    <ClInclude Include="Include\Core\Container\Map.h" />
    <ClInclude Include="Include\Core\Container\Queue.h" />
    <ClInclude Include="Include\Core\Container\Vector.h" />
    <ClInclude Include="Include\Core\Function.h" />
    <ClInclude Include="Include\Core\Geometry\Vertex.h" />
    <ClInclude Include="Include\Core\Math\Math.h" />
    <ClInclude Include="Include\Core\Math\Random.h" />
    <ClInclude Include="Include\Core\Allocators\Allocator.h" />
    <ClInclude Include="Include\Core\Platform\WindowsPlatform.h" />
    <ClInclude Include="Include\Core\Platform\Platform.h" />
    <ClInclude Include="Include\Core\Singleton\Locator.h" />
    <ClInclude Include="Include\Core\Singleton\Singleton.h" />
    <ClInclude Include="Source\Thread\Windows\WindowsThread.h" />
    <ClInclude Include="Source\Thread\BaseThread.h" />
    <ClInclude Include="Include\Core\Procedure\Procedure.h" />
    <ClInclude Include="Include\Core\Time.h" />
    <ClInclude Include="Include\Core\String.h" />
    <ClInclude Include="Include\Core\Cast.h" />
    <ClInclude Include="Include\InfluxCore.h" />
    <ClInclude Include="Include\Core\Pointer.h" />
    <ClInclude Include="Include\Core\Math\Vector.h" />
    <ClInclude Include="Include\Core\Geometry\Rect.h" />
    <ClInclude Include="Include\Core\Geometry\Transform.h" />
    <ClInclude Include="Include\Core\Enum.h" />
    <ClInclude Include="Include\Core\Geometry\Sphere.h" />
    <ClInclude Include="Include\Core\Geometry\Plane.h" />
    <ClInclude Include="Include\Core\Geometry\Camera.h" />
    <ClInclude Include="Include\Core\Geometry\Ray.h" />
    <ClInclude Include="Include\Core\Procedure\ThreadPool.h" />
    <ClInclude Include="Include\Core\Math\Matrix.h" />
    <ClInclude Include="Include\Core\BRDF\BRDF.h" />
    <ClInclude Include="Include\Core\KDTree.h" />
    <ClInclude Include="Include\Core\Math\Bounds.h" />
    <ClInclude Include="Include\Core\Container\RingBuffer.h" />
    <ClInclude Include="Include\Core\Container\Array.h" />
    <ClInclude Include="Include\Core\Platform\NullPlatform.h" />
    <ClInclude Include="Include\Core\BasicTypes.h" />
    <ClInclude Include="Include\Core\Cleanup.h" />
  </ItemGroup>
  <ItemGroup>
    <None Include="Include\Core\Math\Vector.inl" />
    <None Include="Include\Core\Math\Matrix.inl" />
  </ItemGroup>
  <ItemGroup>
    <ClCompile Include="Source\Core\Foo.cpp" />
  </ItemGroup>
</Project>