<?xml version="1.0" encoding="utf-8"?>
<Project ToolsVersion="4.0" xmlns="http://schemas.microsoft.com/developer/msbuild/2003">
  <ItemGroup>
    <ClInclude Include="Source\Assert\Assert.h" />
    <ClInclude Include="Source\Container\Containers.h" />
    <ClInclude Include="Source\Container\List.h" />
    <ClInclude Include="Source\Container\Map.h" />
    <ClInclude Include="Source\Container\Queue.h" />
    <ClInclude Include="Source\Container\Vector.h" />
    <ClInclude Include="Source\Function\Function.h" />
    <ClInclude Include="Source\Geometry\Vertex.h" />
    <ClInclude Include="Source\Math\DirectX\DxMath.h" />
    <ClInclude Include="Source\Math\Math.h" />
    <ClInclude Include="Source\Math\Random.h" />
    <ClInclude Include="Source\Memory\Allocators\Allocators.h" />
    <ClInclude Include="Source\Memory\Allocators\BaseAllocator.h" />
    <ClInclude Include="Source\Memory\Reference.h" />
    <ClInclude Include="Source\Platform\Windows\WindowsPlatform.h" />
    <ClInclude Include="Source\Platform\Platform.h" />
    <ClInclude Include="Source\Singleton\Locator.h" />
    <ClInclude Include="Source\Singleton\Singleton.h" />
    <ClInclude Include="Source\Thread\Windows\WindowsThread.h" />
    <ClInclude Include="Source\Thread\BaseThread.h" />
    <ClInclude Include="Source\Thread\Thread.h" />
    <ClInclude Include="Source\Time\Timer.h" />
    <ClInclude Include="Source\Type\String.h" />
    <ClInclude Include="Source\Type\Type.h" />
    <ClInclude Include="Source\Core.h" />
  </ItemGroup>
</Project>