<?xml version="1.0" encoding="utf-8"?>
<Project ToolsVersion="4.0" xmlns="http://schemas.microsoft.com/developer/msbuild/2003">
  <ItemGroup>
    <ClInclude Include="Include\InfluxRenderer\Renderer.h" />
    <ClInclude Include="source\renderer_pch.h" />
    <ClInclude Include="Source\InfluxRenderer\RootRenderer.h" />
    <ClInclude Include="source\renderer\renderer.h" />
    <ClInclude Include="source\ImGuiTools\ImGuiLogView.h" />
    <ClInclude Include="source\ImGuiTools\ImGuiWidgets.h" />
    <ClInclude Include="source\ImGui\imconfig.h" />
    <ClInclude Include="source\ImGui\imgui.h" />
    <ClInclude Include="source\ImGui\imgui_impl_dx12.h" />
    <ClInclude Include="source\ImGui\imgui_impl_win32.h" />
    <ClInclude Include="source\ImGui\imgui_internal.h" />
    <ClInclude Include="source\ImGui\imstb_rectpack.h" />
    <ClInclude Include="source\ImGui\imstb_textedit.h" />
    <ClInclude Include="source\ImGui\imstb_truetype.h" />
    <ClInclude Include="source\ImGuiTools\ImguiWidget.h" />
    <ClInclude Include="source\ImGuiTools\ViewportWidget.h" />
    <ClInclude Include="Include\influx_renderer.h" />
    <ClInclude Include="source\api\api.h" />
  </ItemGroup>
  <ItemGroup>
    <ClCompile Include="source\renderer_pch.cpp" />
    <ClCompile Include="source\renderer\renderer.cpp" />
    <ClCompile Include="source\api\api_d3d12.cpp" />
    <ClCompile Include="source\api\api.cpp" />
  </ItemGroup>
  <ItemGroup>
    <FxCompile Include="..\Resources\Shaders\shaders.hlsl" />
  </ItemGroup>
</Project>