<?xml version="1.0" encoding="utf-8"?>
<Project ToolsVersion="4.0" xmlns="http://schemas.microsoft.com/developer/msbuild/2003">
  <ItemGroup>
    <ClInclude Include="Include\InfluxRenderer\Renderer.h" />
    <ClInclude Include="Source\renderer_pch.h" />
    <ClInclude Include="Source\InfluxRenderer\RootRenderer.h" />
    <ClInclude Include="Include\InfluxRenderer\RootRenderer.h" />
    <ClInclude Include="Include\InfluxRenderer\IRenderer.h" />
    <ClInclude Include="Include\InfluxRenderer\Renderers\SceneRenderer.h" />
    <ClInclude Include="Source\ImGuiTools\ImGuiLogView.h" />
    <ClInclude Include="Source\ImGuiTools\ImGuiWidgets.h" />
    <ClInclude Include="Source\ImGui\imconfig.h" />
    <ClInclude Include="Source\ImGui\imgui.h" />
    <ClInclude Include="Source\ImGui\imgui_impl_dx12.h" />
    <ClInclude Include="Source\ImGui\imgui_impl_win32.h" />
    <ClInclude Include="Source\ImGui\imgui_internal.h" />
    <ClInclude Include="Source\ImGui\imstb_rectpack.h" />
    <ClInclude Include="Source\ImGui\imstb_textedit.h" />
    <ClInclude Include="Source\ImGui\imstb_truetype.h" />
    <ClInclude Include="Source\ImGuiTools\ImguiWidget.h" />
    <ClInclude Include="Source\ImGuiTools\ViewportWidget.h" />
    <ClInclude Include="Include\InfluxRenderer\Renderers\GUIRenderer.h" />
  </ItemGroup>
  <ItemGroup>
    <ClCompile Include="Source\renderer_pch.cpp" />
    <ClCompile Include="Source\InfluxRenderer\RootRenderer.cpp" />
    <ClCompile Include="Source\InfluxRenderer\Renderers\SceneRenderer.cpp" />
    <ClCompile Include="Source\ImGui\imgui.cpp" />
    <ClCompile Include="Source\ImGui\imgui_demo.cpp" />
    <ClCompile Include="Source\ImGui\imgui_draw.cpp" />
    <ClCompile Include="Source\ImGui\imgui_impl_dx12.cpp" />
    <ClCompile Include="Source\ImGui\imgui_impl_win32.cpp" />
    <ClCompile Include="Source\ImGui\imgui_tables.cpp" />
    <ClCompile Include="Source\ImGui\imgui_widgets.cpp" />
    <ClCompile Include="Source\ImGuiTools\ImGuiLogView.cpp" />
    <ClCompile Include="Source\InfluxRenderer\Renderers\GUIRenderer.cpp" />
    <ClCompile Include="Source\ImGuiTools\ViewportWidget.cpp" />
  </ItemGroup>
</Project>