<?xml version="1.0" encoding="utf-8"?>
<Project ToolsVersion="4.0" xmlns="http://schemas.microsoft.com/developer/msbuild/2003">
  <ItemGroup>
    <ClCompile Include="Source\InfluxAssets\Scene\SceneLoader.cpp" />
    <ClCompile Include="Source\InfluxAssets\Image\ImageLoader.cpp" />
    <ClCompile Include="Source\InfluxAssets\Shader\ShaderLoader.cpp" />
  </ItemGroup>
  <ItemGroup>
    <ClInclude Include="Include\InfluxAssets\InfluxAssets.h" />
    <ClInclude Include="Include\InfluxAssets\Common.h" />
    <ClInclude Include="Source\InfluxAssets\Scene\SceneLoader.h" />
    <ClInclude Include="Include\InfluxAssets\Scene\Scene.h" />
    <ClInclude Include="Include\InfluxAssets\Image\Image.h" />
    <ClInclude Include="Source\InfluxAssets\Image\ImageLoader.h" />
    <ClInclude Include="Include\InfluxAssets\Shader\Shader.h" />
  </ItemGroup>
</Project>