<?xml version="1.0" encoding="utf-8"?>
<Project ToolsVersion="4.0" xmlns="http://schemas.microsoft.com/developer/msbuild/2003">
  <ItemGroup>
    <ClCompile Include="Source\InfluxGraphics\RHIResource.cpp" />
    <ClCompile Include="Source\InfluxGraphics\D3D12\D3D12CommandList.cpp" />
    <ClCompile Include="Source\InfluxGraphics\D3D12\D3D12CommandQueue.cpp" />
    <ClCompile Include="Source\InfluxGraphics\D3D12\D3D12DescriptorHeap.cpp" />
    <ClCompile Include="Source\InfluxGraphics\D3D12\D3D12Device.cpp" />
    <ClCompile Include="Source\InfluxGraphics\D3D12\D3D12Resource.cpp" />
    <ClCompile Include="Source\InfluxGraphics\D3D12\D3D12Swapchain.cpp" />
    <ClCompile Include="Source\InfluxGraphics\RHICommandQueue.cpp" />
    <ClCompile Include="Source\InfluxGraphics\RHIDescriptorHeap.cpp" />
    <ClCompile Include="Source\InfluxGraphics\RHIDevice.cpp" />
    <ClCompile Include="Source\InfluxGraphics\RHIResourceViews\RHIResourceView.cpp" />
    <ClCompile Include="Source\InfluxGraphics\RHIResourceViews\RHIRenderTargetView.cpp" />
    <ClCompile Include="Source\InfluxGraphics\RHICommandList.cpp" />
    <ClCompile Include="Source\InfluxGraphics\RHISwapchain.cpp" />
    <ClCompile Include="Source\InfluxGraphics\RHIObject.cpp" />
    <ClCompile Include="Source\InfluxGraphics\D3D12\ResourceViews\D3D12RenderTargetView.cpp" />
    <ClCompile Include="Source\InfluxGraphics\D3D12\ResourceViews\D3D12ShaderResourceView.cpp" />
    <ClCompile Include="Source\InfluxGraphics\RHIResourceViews\RHIShaderResourceView.cpp" />
    <ClCompile Include="Source\InfluxGraphics\RHIPipeline.cpp" />
    <ClCompile Include="Source\InfluxGraphics\D3D12\D3D12PipelineLayout.cpp" />
    <ClCompile Include="Source\InfluxGraphics\D3D12\D3D12Pipeline.cpp" />
    <ClCompile Include="Source\InfluxGraphics\RHITexture.cpp" />
  </ItemGroup>
  <ItemGroup>
    <ClInclude Include="Include\InfluxGraphics\D3D12\D3D12.h" />
    <ClInclude Include="Include\InfluxGraphics\D3D12\D3D12CommandList.h" />
    <ClInclude Include="Include\InfluxGraphics\D3D12\D3D12CommandQueue.h" />
    <ClInclude Include="Include\InfluxGraphics\D3D12\D3D12Conversion.h" />
    <ClInclude Include="Include\InfluxGraphics\D3D12\D3D12DescriptorHeap.h" />
    <ClInclude Include="Include\InfluxGraphics\D3D12\D3D12Device.h" />
    <ClInclude Include="Include\InfluxGraphics\D3D12\D3D12Resource.h" />
    <ClInclude Include="Include\InfluxGraphics\D3D12\D3D12Swapchain.h" />
    <ClInclude Include="Include\InfluxGraphics\Common.h" />
    <ClInclude Include="Include\InfluxGraphics\RHICommandList.h" />
    <ClInclude Include="Include\InfluxGraphics\RHICommandQueue.h" />
    <ClInclude Include="Include\InfluxGraphics\RHIDescriptorHeap.h" />
    <ClInclude Include="Include\InfluxGraphics\RHIDevice.h" />
    <ClInclude Include="Include\InfluxGraphics\RHIResource.h" />
    <ClInclude Include="Include\InfluxGraphics\RHISwapchain.h" />
    <ClInclude Include="Include\InfluxGraphics\RHITypes.h" />
    <ClInclude Include="Include\InfluxGraphics\Types.h" />
    <ClInclude Include="Include\InfluxGraphics\RHIResourceViews\RHIRenderTargetView.h" />
    <ClInclude Include="Include\InfluxGraphics\RHIResourceViews\RHIResourceView.h" />
    <ClInclude Include="Include\InfluxGraphics\RHIObject.h" />
    <ClInclude Include="Include\InfluxGraphics\D3D12\ResourceViews\D3D12RenderTargetView.h" />
    <ClInclude Include="Include\InfluxGraphics.h" />
    <ClInclude Include="Include\InfluxGraphics\RHIResourceViews\RHIShaderResourceView.h" />
    <ClInclude Include="Include\InfluxGraphics\D3D12\ResourceViews\D3D12ShaderResourceView.h" />
    <ClInclude Include="Include\InfluxGraphics\D3D12\ResourceViews\D3D12Views.h" />
    <ClInclude Include="Include\InfluxGraphics\RHIResourceViews\RHIViews.h" />
    <ClInclude Include="Include\InfluxGraphics\RHIPipeline.h" />
    <ClInclude Include="Include\InfluxGraphics\D3D12\D3D12Pipeline.h" />
    <ClInclude Include="Include\InfluxGraphics\RHIPipelineLayout.h" />
    <ClInclude Include="Include\InfluxGraphics\D3D12\D3D12PipelineLayout.h" />
    <ClInclude Include="Include\InfluxGraphics\RHI.h" />
    <ClInclude Include="Include\InfluxGraphics\RHITexture.h" />
    <ClInclude Include="Include\InfluxGraphics\Vulkan\Vulkan.h" />
  </ItemGroup>
</Project>